
Microsoft Visual Studio Solution File, Format Version 12.00
# Visual Studio Version 17
VisualStudioVersion = 17.7.34221.43
MinimumVisualStudioVersion = 10.0.40219.1
Project("{FAE04EC0-301F-11D3-BF4B-00C04F79EFBC}") = "Hiyoru.JX3TradingPlatform", "Hiyoru.JX3TradingPlatform\Hiyoru.JX3TradingPlatform.csproj", "{3A90724C-F1D9-4A52-803E-16CF34374884}"
EndProject
Project("{FAE04EC0-301F-11D3-BF4B-00C04F79EFBC}") = "SqlClient", "SqlClient\SqlClient.csproj", "{AA3FB157-3143-48DF-BCB9-C8FE1CBB51B9}"
EndProject
Global
	GlobalSection(SolutionConfigurationPlatforms) = preSolution
		Debug|Any CPU = Debug|Any CPU
		Release|Any CPU = Release|Any CPU
	EndGlobalSection
	GlobalSection(ProjectConfigurationPlatforms) = postSolution
		{3A90724C-F1D9-4A52-803E-16CF34374884}.Debug|Any CPU.ActiveCfg = Debug|Any CPU
		{3A90724C-F1D9-4A52-803E-16CF34374884}.Debug|Any CPU.Build.0 = Debug|Any CPU
		{3A90724C-F1D9-4A52-803E-16CF34374884}.Release|Any CPU.ActiveCfg = Release|Any CPU
		{3A90724C-F1D9-4A52-803E-16CF34374884}.Release|Any CPU.Build.0 = Release|Any CPU
		{AA3FB157-3143-48DF-BCB9-C8FE1CBB51B9}.Debug|Any CPU.ActiveCfg = Debug|Any CPU
		{AA3FB157-3143-48DF-BCB9-C8FE1CBB51B9}.Debug|Any CPU.Build.0 = Debug|Any CPU
		{AA3FB157-3143-48DF-BCB9-C8FE1CBB51B9}.Release|Any CPU.ActiveCfg = Release|Any CPU
		{AA3FB157-3143-48DF-BCB9-C8FE1CBB51B9}.Release|Any CPU.Build.0 = Release|Any CPU
	EndGlobalSection
	GlobalSection(SolutionProperties) = preSolution
		HideSolutionNode = FALSE
	EndGlobalSection
	GlobalSection(ExtensibilityGlobals) = postSolution
		SolutionGuid = {F47EDBE6-1815-4425-814D-F5F9277DC548}
	EndGlobalSection
EndGlobal
